
Microsoft Visual Studio Solution File, Format Version 12.00
# Visual Studio Version 17
VisualStudioVersion = 17.7.34018.315
MinimumVisualStudioVersion = 10.0.40219.1
Project("{FAE04EC0-301F-11D3-BF4B-00C04F79EFBC}") = "Task_part3_Tatymov_Alexander", "Task_part3_Tatymov_Alexander.csproj", "{AB5A25D5-1359-4D29-8F34-963F2F3905CF}"
EndProject
Global
	GlobalSection(SolutionConfigurationPlatforms) = preSolution
		Debug|Any CPU = Debug|Any CPU
		Release|Any CPU = Release|Any CPU
	EndGlobalSection
	GlobalSection(ProjectConfigurationPlatforms) = postSolution
		{AB5A25D5-1359-4D29-8F34-963F2F3905CF}.Debug|Any CPU.ActiveCfg = Debug|Any CPU
		{AB5A25D5-1359-4D29-8F34-963F2F3905CF}.Debug|Any CPU.Build.0 = Debug|Any CPU
		{AB5A25D5-1359-4D29-8F34-963F2F3905CF}.Release|Any CPU.ActiveCfg = Release|Any CPU
		{AB5A25D5-1359-4D29-8F34-963F2F3905CF}.Release|Any CPU.Build.0 = Release|Any CPU
	EndGlobalSection
	GlobalSection(SolutionProperties) = preSolution
		HideSolutionNode = FALSE
	EndGlobalSection
	GlobalSection(ExtensibilityGlobals) = postSolution
		SolutionGuid = {C67A806C-909B-4830-BC68-6506492A8366}
	EndGlobalSection
EndGlobal
